
Microsoft Visual Studio Solution File, Format Version 12.00
# Visual Studio Version 17
VisualStudioVersion = 17.5.33530.505
MinimumVisualStudioVersion = 10.0.40219.1
Project("{FAE04EC0-301F-11D3-BF4B-00C04F79EFBC}") = "25", "25\25.csproj", "{108CC488-F050-46C9-A2FC-D928A9425CA1}"
EndProject
Global
	GlobalSection(SolutionConfigurationPlatforms) = preSolution
		Debug|Any CPU = Debug|Any CPU
		Release|Any CPU = Release|Any CPU
	EndGlobalSection
	GlobalSection(ProjectConfigurationPlatforms) = postSolution
		{108CC488-F050-46C9-A2FC-D928A9425CA1}.Debug|Any CPU.ActiveCfg = Debug|Any CPU
		{108CC488-F050-46C9-A2FC-D928A9425CA1}.Debug|Any CPU.Build.0 = Debug|Any CPU
		{108CC488-F050-46C9-A2FC-D928A9425CA1}.Release|Any CPU.ActiveCfg = Release|Any CPU
		{108CC488-F050-46C9-A2FC-D928A9425CA1}.Release|Any CPU.Build.0 = Release|Any CPU
	EndGlobalSection
	GlobalSection(SolutionProperties) = preSolution
		HideSolutionNode = FALSE
	EndGlobalSection
	GlobalSection(ExtensibilityGlobals) = postSolution
		SolutionGuid = {AF42BFF4-9900-42D2-A729-06970DDF0B78}
	EndGlobalSection
EndGlobal
