
Microsoft Visual Studio Solution File, Format Version 12.00
# Visual Studio Version 17
VisualStudioVersion = 17.3.32929.385
MinimumVisualStudioVersion = 10.0.40219.1
Project("{FAE04EC0-301F-11D3-BF4B-00C04F79EFBC}") = "06", "06\06.csproj", "{08F73672-4DA3-451D-98D5-EB5B8C2BE165}"
EndProject
Global
	GlobalSection(SolutionConfigurationPlatforms) = preSolution
		Debug|Any CPU = Debug|Any CPU
		Release|Any CPU = Release|Any CPU
	EndGlobalSection
	GlobalSection(ProjectConfigurationPlatforms) = postSolution
		{08F73672-4DA3-451D-98D5-EB5B8C2BE165}.Debug|Any CPU.ActiveCfg = Debug|Any CPU
		{08F73672-4DA3-451D-98D5-EB5B8C2BE165}.Debug|Any CPU.Build.0 = Debug|Any CPU
		{08F73672-4DA3-451D-98D5-EB5B8C2BE165}.Release|Any CPU.ActiveCfg = Release|Any CPU
		{08F73672-4DA3-451D-98D5-EB5B8C2BE165}.Release|Any CPU.Build.0 = Release|Any CPU
	EndGlobalSection
	GlobalSection(SolutionProperties) = preSolution
		HideSolutionNode = FALSE
	EndGlobalSection
	GlobalSection(ExtensibilityGlobals) = postSolution
		SolutionGuid = {6309D5AE-9C2C-4AAF-9798-6A5A07C6A8FF}
	EndGlobalSection
EndGlobal
