
Microsoft Visual Studio Solution File, Format Version 12.00
# Visual Studio Version 17
VisualStudioVersion = 17.5.33530.505
MinimumVisualStudioVersion = 10.0.40219.1
Project("{FAE04EC0-301F-11D3-BF4B-00C04F79EFBC}") = "30", "30\30.csproj", "{A74C45E7-64F7-4DE0-9088-93B7EAF10D0C}"
EndProject
Global
	GlobalSection(SolutionConfigurationPlatforms) = preSolution
		Debug|Any CPU = Debug|Any CPU
		Release|Any CPU = Release|Any CPU
	EndGlobalSection
	GlobalSection(ProjectConfigurationPlatforms) = postSolution
		{A74C45E7-64F7-4DE0-9088-93B7EAF10D0C}.Debug|Any CPU.ActiveCfg = Debug|Any CPU
		{A74C45E7-64F7-4DE0-9088-93B7EAF10D0C}.Debug|Any CPU.Build.0 = Debug|Any CPU
		{A74C45E7-64F7-4DE0-9088-93B7EAF10D0C}.Release|Any CPU.ActiveCfg = Release|Any CPU
		{A74C45E7-64F7-4DE0-9088-93B7EAF10D0C}.Release|Any CPU.Build.0 = Release|Any CPU
	EndGlobalSection
	GlobalSection(SolutionProperties) = preSolution
		HideSolutionNode = FALSE
	EndGlobalSection
	GlobalSection(ExtensibilityGlobals) = postSolution
		SolutionGuid = {224CE19C-508E-4325-BBAF-FBC49486E2D2}
	EndGlobalSection
EndGlobal
