
Microsoft Visual Studio Solution File, Format Version 12.00
# Visual Studio Version 17
VisualStudioVersion = 17.3.32929.385
MinimumVisualStudioVersion = 10.0.40219.1
Project("{FAE04EC0-301F-11D3-BF4B-00C04F79EFBC}") = "04", "04\04.csproj", "{82A7325B-DB99-4D40-A926-0055A519B2BC}"
EndProject
Global
	GlobalSection(SolutionConfigurationPlatforms) = preSolution
		Debug|Any CPU = Debug|Any CPU
		Release|Any CPU = Release|Any CPU
	EndGlobalSection
	GlobalSection(ProjectConfigurationPlatforms) = postSolution
		{82A7325B-DB99-4D40-A926-0055A519B2BC}.Debug|Any CPU.ActiveCfg = Debug|Any CPU
		{82A7325B-DB99-4D40-A926-0055A519B2BC}.Debug|Any CPU.Build.0 = Debug|Any CPU
		{82A7325B-DB99-4D40-A926-0055A519B2BC}.Release|Any CPU.ActiveCfg = Release|Any CPU
		{82A7325B-DB99-4D40-A926-0055A519B2BC}.Release|Any CPU.Build.0 = Release|Any CPU
	EndGlobalSection
	GlobalSection(SolutionProperties) = preSolution
		HideSolutionNode = FALSE
	EndGlobalSection
	GlobalSection(ExtensibilityGlobals) = postSolution
		SolutionGuid = {D97F90A6-8CCF-425B-9A50-CAA9B2B90858}
	EndGlobalSection
EndGlobal
