
Microsoft Visual Studio Solution File, Format Version 12.00
# Visual Studio Version 17
VisualStudioVersion = 17.3.32929.385
MinimumVisualStudioVersion = 10.0.40219.1
Project("{FAE04EC0-301F-11D3-BF4B-00C04F79EFBC}") = "09", "09\09.csproj", "{D60B44EA-1604-4ADA-9535-B57C97309BC4}"
EndProject
Global
	GlobalSection(SolutionConfigurationPlatforms) = preSolution
		Debug|Any CPU = Debug|Any CPU
		Release|Any CPU = Release|Any CPU
	EndGlobalSection
	GlobalSection(ProjectConfigurationPlatforms) = postSolution
		{D60B44EA-1604-4ADA-9535-B57C97309BC4}.Debug|Any CPU.ActiveCfg = Debug|Any CPU
		{D60B44EA-1604-4ADA-9535-B57C97309BC4}.Debug|Any CPU.Build.0 = Debug|Any CPU
		{D60B44EA-1604-4ADA-9535-B57C97309BC4}.Release|Any CPU.ActiveCfg = Release|Any CPU
		{D60B44EA-1604-4ADA-9535-B57C97309BC4}.Release|Any CPU.Build.0 = Release|Any CPU
	EndGlobalSection
	GlobalSection(SolutionProperties) = preSolution
		HideSolutionNode = FALSE
	EndGlobalSection
	GlobalSection(ExtensibilityGlobals) = postSolution
		SolutionGuid = {67EEDB35-F5B6-4CB4-A1BA-0560B8349C35}
	EndGlobalSection
EndGlobal
