
Microsoft Visual Studio Solution File, Format Version 12.00
# Visual Studio Version 17
VisualStudioVersion = 17.3.32929.385
MinimumVisualStudioVersion = 10.0.40219.1
Project("{FAE04EC0-301F-11D3-BF4B-00C04F79EFBC}") = "11", "11\11.csproj", "{19344618-E1F5-4E01-A246-D5FF62A73FD4}"
EndProject
Global
	GlobalSection(SolutionConfigurationPlatforms) = preSolution
		Debug|Any CPU = Debug|Any CPU
		Release|Any CPU = Release|Any CPU
	EndGlobalSection
	GlobalSection(ProjectConfigurationPlatforms) = postSolution
		{19344618-E1F5-4E01-A246-D5FF62A73FD4}.Debug|Any CPU.ActiveCfg = Debug|Any CPU
		{19344618-E1F5-4E01-A246-D5FF62A73FD4}.Debug|Any CPU.Build.0 = Debug|Any CPU
		{19344618-E1F5-4E01-A246-D5FF62A73FD4}.Release|Any CPU.ActiveCfg = Release|Any CPU
		{19344618-E1F5-4E01-A246-D5FF62A73FD4}.Release|Any CPU.Build.0 = Release|Any CPU
	EndGlobalSection
	GlobalSection(SolutionProperties) = preSolution
		HideSolutionNode = FALSE
	EndGlobalSection
	GlobalSection(ExtensibilityGlobals) = postSolution
		SolutionGuid = {C502D14F-A783-453B-A1FC-2ECEB1F39DB9}
	EndGlobalSection
EndGlobal
