
Microsoft Visual Studio Solution File, Format Version 12.00
# Visual Studio Version 17
VisualStudioVersion = 17.5.33530.505
MinimumVisualStudioVersion = 10.0.40219.1
Project("{FAE04EC0-301F-11D3-BF4B-00C04F79EFBC}") = "LinQ2", "LinQ2\LinQ2.csproj", "{7599F0B2-73ED-4013-964A-889A9AD888A1}"
EndProject
Global
	GlobalSection(SolutionConfigurationPlatforms) = preSolution
		Debug|Any CPU = Debug|Any CPU
		Release|Any CPU = Release|Any CPU
	EndGlobalSection
	GlobalSection(ProjectConfigurationPlatforms) = postSolution
		{7599F0B2-73ED-4013-964A-889A9AD888A1}.Debug|Any CPU.ActiveCfg = Debug|Any CPU
		{7599F0B2-73ED-4013-964A-889A9AD888A1}.Debug|Any CPU.Build.0 = Debug|Any CPU
		{7599F0B2-73ED-4013-964A-889A9AD888A1}.Release|Any CPU.ActiveCfg = Release|Any CPU
		{7599F0B2-73ED-4013-964A-889A9AD888A1}.Release|Any CPU.Build.0 = Release|Any CPU
	EndGlobalSection
	GlobalSection(SolutionProperties) = preSolution
		HideSolutionNode = FALSE
	EndGlobalSection
	GlobalSection(ExtensibilityGlobals) = postSolution
		SolutionGuid = {26BF2D67-4C81-4962-992A-4ED4761F5546}
	EndGlobalSection
EndGlobal
