
Microsoft Visual Studio Solution File, Format Version 12.00
# Visual Studio Version 17
VisualStudioVersion = 17.5.33530.505
MinimumVisualStudioVersion = 10.0.40219.1
Project("{FAE04EC0-301F-11D3-BF4B-00C04F79EFBC}") = "29 - Original", "29 - Original\29 - Original.csproj", "{318630B6-400B-4585-8223-FA6EF0D99613}"
EndProject
Global
	GlobalSection(SolutionConfigurationPlatforms) = preSolution
		Debug|Any CPU = Debug|Any CPU
		Release|Any CPU = Release|Any CPU
	EndGlobalSection
	GlobalSection(ProjectConfigurationPlatforms) = postSolution
		{318630B6-400B-4585-8223-FA6EF0D99613}.Debug|Any CPU.ActiveCfg = Debug|Any CPU
		{318630B6-400B-4585-8223-FA6EF0D99613}.Debug|Any CPU.Build.0 = Debug|Any CPU
		{318630B6-400B-4585-8223-FA6EF0D99613}.Release|Any CPU.ActiveCfg = Release|Any CPU
		{318630B6-400B-4585-8223-FA6EF0D99613}.Release|Any CPU.Build.0 = Release|Any CPU
	EndGlobalSection
	GlobalSection(SolutionProperties) = preSolution
		HideSolutionNode = FALSE
	EndGlobalSection
	GlobalSection(ExtensibilityGlobals) = postSolution
		SolutionGuid = {68917CDC-FA81-4631-8EC4-F8DEE4FC0FDC}
	EndGlobalSection
EndGlobal
